
Microsoft Visual Studio Solution File, Format Version 12.00
# Visual Studio 15
VisualStudioVersion = 15.0.28010.2048
MinimumVisualStudioVersion = 10.0.40219.1
Project("{FAE04EC0-301F-11D3-BF4B-00C04F79EFBC}") = "RescateMarino", "RescateMarino\RescateMarino.csproj", "{15C43CB1-E37E-4926-9A0C-8F778676AA4C}"
EndProject
Global
	GlobalSection(SolutionConfigurationPlatforms) = preSolution
		Debug|Any CPU = Debug|Any CPU
		Release|Any CPU = Release|Any CPU
	EndGlobalSection
	GlobalSection(ProjectConfigurationPlatforms) = postSolution
		{15C43CB1-E37E-4926-9A0C-8F778676AA4C}.Debug|Any CPU.ActiveCfg = Debug|Any CPU
		{15C43CB1-E37E-4926-9A0C-8F778676AA4C}.Debug|Any CPU.Build.0 = Debug|Any CPU
		{15C43CB1-E37E-4926-9A0C-8F778676AA4C}.Release|Any CPU.ActiveCfg = Release|Any CPU
		{15C43CB1-E37E-4926-9A0C-8F778676AA4C}.Release|Any CPU.Build.0 = Release|Any CPU
	EndGlobalSection
	GlobalSection(SolutionProperties) = preSolution
		HideSolutionNode = FALSE
	EndGlobalSection
	GlobalSection(ExtensibilityGlobals) = postSolution
		SolutionGuid = {2E3B4C26-EEFC-4081-8B8D-B02791E0207E}
	EndGlobalSection
EndGlobal
